
Microsoft Visual Studio Solution File, Format Version 12.00
# Visual Studio Version 17
VisualStudioVersion = 17.4.33205.214
MinimumVisualStudioVersion = 10.0.40219.1
Project("{9A19103F-16F7-4668-BE54-9A1E7A4F7556}") = "ABMVantage-Outbound-API", "ABMVantage-Outbound-API\ABMVantage-Outbound-API.csproj", "{47A2B910-36C7-4FAC-9E89-CAA7887C46E2}"
EndProject
Project("{2150E333-8FDC-42A3-9474-1A3956D46DE8}") = "Tests", "Tests", "{8AEE0D09-AEB8-40E0-B135-05BC60659FEE}"
EndProject
Project("{FAE04EC0-301F-11D3-BF4B-00C04F79EFBC}") = "ABMVantage_Outbound_UnitTests", "ABMVantage_Outbound_UnitTests\ABMVantage_Outbound_UnitTests.csproj", "{25F81C87-2B14-49CE-A459-103FCA630CF9}"
EndProject
Global
	GlobalSection(SolutionConfigurationPlatforms) = preSolution
		Debug|Any CPU = Debug|Any CPU
		Release|Any CPU = Release|Any CPU
	EndGlobalSection
	GlobalSection(ProjectConfigurationPlatforms) = postSolution
		{47A2B910-36C7-4FAC-9E89-CAA7887C46E2}.Debug|Any CPU.ActiveCfg = Debug|Any CPU
		{47A2B910-36C7-4FAC-9E89-CAA7887C46E2}.Debug|Any CPU.Build.0 = Debug|Any CPU
		{47A2B910-36C7-4FAC-9E89-CAA7887C46E2}.Release|Any CPU.ActiveCfg = Release|Any CPU
		{47A2B910-36C7-4FAC-9E89-CAA7887C46E2}.Release|Any CPU.Build.0 = Release|Any CPU
		{25F81C87-2B14-49CE-A459-103FCA630CF9}.Debug|Any CPU.ActiveCfg = Debug|Any CPU
		{25F81C87-2B14-49CE-A459-103FCA630CF9}.Debug|Any CPU.Build.0 = Debug|Any CPU
		{25F81C87-2B14-49CE-A459-103FCA630CF9}.Release|Any CPU.ActiveCfg = Release|Any CPU
		{25F81C87-2B14-49CE-A459-103FCA630CF9}.Release|Any CPU.Build.0 = Release|Any CPU
	EndGlobalSection
	GlobalSection(SolutionProperties) = preSolution
		HideSolutionNode = FALSE
	EndGlobalSection
	GlobalSection(NestedProjects) = preSolution
		{25F81C87-2B14-49CE-A459-103FCA630CF9} = {8AEE0D09-AEB8-40E0-B135-05BC60659FEE}
	EndGlobalSection
	GlobalSection(ExtensibilityGlobals) = postSolution
		SolutionGuid = {1AB8A96F-76BA-4DA9-A816-12358BB83E5C}
	EndGlobalSection
EndGlobal
